
Microsoft Visual Studio Solution File, Format Version 12.00
# Visual Studio Version 16
VisualStudioVersion = 16.0.31624.102
MinimumVisualStudioVersion = 10.0.40219.1
Project("{FAE04EC0-301F-11D3-BF4B-00C04F79EFBC}") = "LessonDapper", "LessonDapper\LessonDapper.csproj", "{45DB8AAD-5AF1-4BFA-B213-ACA644A2EBF5}"
EndProject
Global
	GlobalSection(SolutionConfigurationPlatforms) = preSolution
		Debug|Any CPU = Debug|Any CPU
		Release|Any CPU = Release|Any CPU
	EndGlobalSection
	GlobalSection(ProjectConfigurationPlatforms) = postSolution
		{45DB8AAD-5AF1-4BFA-B213-ACA644A2EBF5}.Debug|Any CPU.ActiveCfg = Debug|Any CPU
		{45DB8AAD-5AF1-4BFA-B213-ACA644A2EBF5}.Debug|Any CPU.Build.0 = Debug|Any CPU
		{45DB8AAD-5AF1-4BFA-B213-ACA644A2EBF5}.Release|Any CPU.ActiveCfg = Release|Any CPU
		{45DB8AAD-5AF1-4BFA-B213-ACA644A2EBF5}.Release|Any CPU.Build.0 = Release|Any CPU
	EndGlobalSection
	GlobalSection(SolutionProperties) = preSolution
		HideSolutionNode = FALSE
	EndGlobalSection
	GlobalSection(ExtensibilityGlobals) = postSolution
		SolutionGuid = {AC7B5137-DA3E-4636-82F2-0068AC802306}
	EndGlobalSection
EndGlobal
